
Microsoft Visual Studio Solution File, Format Version 12.00
# Visual Studio Version 17
VisualStudioVersion = 17.3.32901.215
MinimumVisualStudioVersion = 10.0.40219.1
Project("{FAE04EC0-301F-11D3-BF4B-00C04F79EFBC}") = "DemoProject", "DemoProject\DemoProject.csproj", "{B234A27E-953F-4C17-8510-1F06A2D8D683}"
EndProject
Global
	GlobalSection(SolutionConfigurationPlatforms) = preSolution
		Debug|Any CPU = Debug|Any CPU
		Release|Any CPU = Release|Any CPU
	EndGlobalSection
	GlobalSection(ProjectConfigurationPlatforms) = postSolution
		{B234A27E-953F-4C17-8510-1F06A2D8D683}.Debug|Any CPU.ActiveCfg = Debug|Any CPU
		{B234A27E-953F-4C17-8510-1F06A2D8D683}.Debug|Any CPU.Build.0 = Debug|Any CPU
		{B234A27E-953F-4C17-8510-1F06A2D8D683}.Release|Any CPU.ActiveCfg = Release|Any CPU
		{B234A27E-953F-4C17-8510-1F06A2D8D683}.Release|Any CPU.Build.0 = Release|Any CPU
	EndGlobalSection
	GlobalSection(SolutionProperties) = preSolution
		HideSolutionNode = FALSE
	EndGlobalSection
	GlobalSection(ExtensibilityGlobals) = postSolution
		SolutionGuid = {3A955EA4-454F-4811-86A1-E2966F33AC9A}
	EndGlobalSection
EndGlobal
